
Microsoft Visual Studio Solution File, Format Version 12.00
# Visual Studio Version 17
VisualStudioVersion = 17.2.32505.173
MinimumVisualStudioVersion = 10.0.40219.1
Project("{9A19103F-16F7-4668-BE54-9A1E7A4F7556}") = "CodeLouisvilleHelloWorldProgram", "CLouisvilleConsoleApp\CodeLouisvilleHelloWorldProgram.csproj", "{5EB9335D-CCEE-4B31-87C1-2ADE10050D49}"
EndProject
Project("{9A19103F-16F7-4668-BE54-9A1E7A4F7556}") = "CodeLouisvilleBandMembers", "CodeLouisvilleBandMembers\CodeLouisvilleBandMembers.csproj", "{6F93A9AF-84C7-4A73-9EE8-33B7A5DF8977}"
EndProject
Project("{9A19103F-16F7-4668-BE54-9A1E7A4F7556}") = "CodeLouisvilleConditionalPractice", "CodeLouisvilleConditionalPractice\CodeLouisvilleConditionalPractice.csproj", "{62EE3721-F6FE-405E-ABDF-173C3C879E22}"
EndProject
Project("{9A19103F-16F7-4668-BE54-9A1E7A4F7556}") = "CodeLouisvilleArrayPractice", "CodeLouisvilleArrayPractice\CodeLouisvilleArrayPractice.csproj", "{DC7C57F7-6473-4B17-A6C8-EB3450100E1F}"
EndProject
Project("{FAE04EC0-301F-11D3-BF4B-00C04F79EFBC}") = "CommandLineArgumentsTest", "CommandLineArgumentsTest\CommandLineArgumentsTest.csproj", "{6D243952-2D1E-4777-B6DE-ADC55473223C}"
EndProject
Project("{FAE04EC0-301F-11D3-BF4B-00C04F79EFBC}") = "Class3Practice", "Class3Practice\Class3Practice.csproj", "{F9A5A4AF-2185-4D0C-98E6-39302FE86E04}"
EndProject
Global
	GlobalSection(SolutionConfigurationPlatforms) = preSolution
		Debug|Any CPU = Debug|Any CPU
		Release|Any CPU = Release|Any CPU
	EndGlobalSection
	GlobalSection(ProjectConfigurationPlatforms) = postSolution
		{5EB9335D-CCEE-4B31-87C1-2ADE10050D49}.Debug|Any CPU.ActiveCfg = Debug|Any CPU
		{5EB9335D-CCEE-4B31-87C1-2ADE10050D49}.Debug|Any CPU.Build.0 = Debug|Any CPU
		{5EB9335D-CCEE-4B31-87C1-2ADE10050D49}.Release|Any CPU.ActiveCfg = Release|Any CPU
		{5EB9335D-CCEE-4B31-87C1-2ADE10050D49}.Release|Any CPU.Build.0 = Release|Any CPU
		{6F93A9AF-84C7-4A73-9EE8-33B7A5DF8977}.Debug|Any CPU.ActiveCfg = Debug|Any CPU
		{6F93A9AF-84C7-4A73-9EE8-33B7A5DF8977}.Debug|Any CPU.Build.0 = Debug|Any CPU
		{6F93A9AF-84C7-4A73-9EE8-33B7A5DF8977}.Release|Any CPU.ActiveCfg = Release|Any CPU
		{6F93A9AF-84C7-4A73-9EE8-33B7A5DF8977}.Release|Any CPU.Build.0 = Release|Any CPU
		{62EE3721-F6FE-405E-ABDF-173C3C879E22}.Debug|Any CPU.ActiveCfg = Debug|Any CPU
		{62EE3721-F6FE-405E-ABDF-173C3C879E22}.Debug|Any CPU.Build.0 = Debug|Any CPU
		{62EE3721-F6FE-405E-ABDF-173C3C879E22}.Release|Any CPU.ActiveCfg = Release|Any CPU
		{62EE3721-F6FE-405E-ABDF-173C3C879E22}.Release|Any CPU.Build.0 = Release|Any CPU
		{DC7C57F7-6473-4B17-A6C8-EB3450100E1F}.Debug|Any CPU.ActiveCfg = Debug|Any CPU
		{DC7C57F7-6473-4B17-A6C8-EB3450100E1F}.Debug|Any CPU.Build.0 = Debug|Any CPU
		{DC7C57F7-6473-4B17-A6C8-EB3450100E1F}.Release|Any CPU.ActiveCfg = Release|Any CPU
		{DC7C57F7-6473-4B17-A6C8-EB3450100E1F}.Release|Any CPU.Build.0 = Release|Any CPU
		{6D243952-2D1E-4777-B6DE-ADC55473223C}.Debug|Any CPU.ActiveCfg = Debug|Any CPU
		{6D243952-2D1E-4777-B6DE-ADC55473223C}.Debug|Any CPU.Build.0 = Debug|Any CPU
		{6D243952-2D1E-4777-B6DE-ADC55473223C}.Release|Any CPU.ActiveCfg = Release|Any CPU
		{6D243952-2D1E-4777-B6DE-ADC55473223C}.Release|Any CPU.Build.0 = Release|Any CPU
		{F9A5A4AF-2185-4D0C-98E6-39302FE86E04}.Debug|Any CPU.ActiveCfg = Debug|Any CPU
		{F9A5A4AF-2185-4D0C-98E6-39302FE86E04}.Debug|Any CPU.Build.0 = Debug|Any CPU
		{F9A5A4AF-2185-4D0C-98E6-39302FE86E04}.Release|Any CPU.ActiveCfg = Release|Any CPU
		{F9A5A4AF-2185-4D0C-98E6-39302FE86E04}.Release|Any CPU.Build.0 = Release|Any CPU
	EndGlobalSection
	GlobalSection(SolutionProperties) = preSolution
		HideSolutionNode = FALSE
	EndGlobalSection
	GlobalSection(ExtensibilityGlobals) = postSolution
		SolutionGuid = {4D6F9A47-D83D-4722-9DBA-48C07FC3399E}
	EndGlobalSection
EndGlobal
