
Microsoft Visual Studio Solution File, Format Version 12.00
# Visual Studio Version 17
VisualStudioVersion = 17.2.32505.173
MinimumVisualStudioVersion = 10.0.40219.1
Project("{FAE04EC0-301F-11D3-BF4B-00C04F79EFBC}") = "CodeLouisvilleHelloWorldProgram", "CLouisvilleConsoleApp\CodeLouisvilleHelloWorldProgram.csproj", "{5EB9335D-CCEE-4B31-87C1-2ADE10050D49}"
EndProject
Project("{FAE04EC0-301F-11D3-BF4B-00C04F79EFBC}") = "CodeLouisvilleBandMembers", "CodeLouisvilleBandMembers\CodeLouisvilleBandMembers.csproj", "{6F93A9AF-84C7-4A73-9EE8-33B7A5DF8977}"
EndProject
Project("{FAE04EC0-301F-11D3-BF4B-00C04F79EFBC}") = "CodeLouisvilleConditionalPractice", "CodeLouisvilleConditionalPractice\CodeLouisvilleConditionalPractice.csproj", "{62EE3721-F6FE-405E-ABDF-173C3C879E22}"
EndProject
Global
	GlobalSection(SolutionConfigurationPlatforms) = preSolution
		Debug|Any CPU = Debug|Any CPU
		Release|Any CPU = Release|Any CPU
	EndGlobalSection
	GlobalSection(ProjectConfigurationPlatforms) = postSolution
		{5EB9335D-CCEE-4B31-87C1-2ADE10050D49}.Debug|Any CPU.ActiveCfg = Debug|Any CPU
		{5EB9335D-CCEE-4B31-87C1-2ADE10050D49}.Debug|Any CPU.Build.0 = Debug|Any CPU
		{5EB9335D-CCEE-4B31-87C1-2ADE10050D49}.Release|Any CPU.ActiveCfg = Release|Any CPU
		{5EB9335D-CCEE-4B31-87C1-2ADE10050D49}.Release|Any CPU.Build.0 = Release|Any CPU
		{6F93A9AF-84C7-4A73-9EE8-33B7A5DF8977}.Debug|Any CPU.ActiveCfg = Debug|Any CPU
		{6F93A9AF-84C7-4A73-9EE8-33B7A5DF8977}.Debug|Any CPU.Build.0 = Debug|Any CPU
		{6F93A9AF-84C7-4A73-9EE8-33B7A5DF8977}.Release|Any CPU.ActiveCfg = Release|Any CPU
		{6F93A9AF-84C7-4A73-9EE8-33B7A5DF8977}.Release|Any CPU.Build.0 = Release|Any CPU
		{62EE3721-F6FE-405E-ABDF-173C3C879E22}.Debug|Any CPU.ActiveCfg = Debug|Any CPU
		{62EE3721-F6FE-405E-ABDF-173C3C879E22}.Debug|Any CPU.Build.0 = Debug|Any CPU
		{62EE3721-F6FE-405E-ABDF-173C3C879E22}.Release|Any CPU.ActiveCfg = Release|Any CPU
		{62EE3721-F6FE-405E-ABDF-173C3C879E22}.Release|Any CPU.Build.0 = Release|Any CPU
	EndGlobalSection
	GlobalSection(SolutionProperties) = preSolution
		HideSolutionNode = FALSE
	EndGlobalSection
	GlobalSection(ExtensibilityGlobals) = postSolution
		SolutionGuid = {4D6F9A47-D83D-4722-9DBA-48C07FC3399E}
	EndGlobalSection
EndGlobal
